# This file is automatically @generated by Cargo.
# It is not intended for manual editing.
version = 4

[[package]]
name = "shade-api"
version = "0.0.0"

[[package]]
name = "shade-bin"
version = "0.0.0"

[[package]]
name = "shade-core"
version = "0.0.0"

[[package]]
name = "shade-ircd"
version = "0.0.0"

[[package]]
name = "shade-mesh"
version = "0.0.0"

[[package]]
name = "shade-proto"
version = "0.0.0"

[[package]]
name = "shade-store"
version = "0.0.0"
